
Microsoft Visual Studio Solution File, Format Version 12.00
# Visual Studio Version 16
VisualStudioVersion = 16.0.31005.135
MinimumVisualStudioVersion = 10.0.40219.1
Project("{8BC9CEB8-8B4A-11D0-8D11-00A0C91BC942}") = "Jacobi-Random-Number-Generator", "Jacobi-Random-Number-Generator.vcxproj", "{B43AAA8B-5C12-43E6-B9C6-300D26DFCC36}"
EndProject
Global
	GlobalSection(SolutionConfigurationPlatforms) = preSolution
		Debug|x64 = Debug|x64
		Debug|x86 = Debug|x86
		Release|x64 = Release|x64
		Release|x86 = Release|x86
	EndGlobalSection
	GlobalSection(ProjectConfigurationPlatforms) = postSolution
		{B43AAA8B-5C12-43E6-B9C6-300D26DFCC36}.Debug|x64.ActiveCfg = Debug|x64
		{B43AAA8B-5C12-43E6-B9C6-300D26DFCC36}.Debug|x64.Build.0 = Debug|x64
		{B43AAA8B-5C12-43E6-B9C6-300D26DFCC36}.Debug|x86.ActiveCfg = Debug|Win32
		{B43AAA8B-5C12-43E6-B9C6-300D26DFCC36}.Debug|x86.Build.0 = Debug|Win32
		{B43AAA8B-5C12-43E6-B9C6-300D26DFCC36}.Release|x64.ActiveCfg = Release|x64
		{B43AAA8B-5C12-43E6-B9C6-300D26DFCC36}.Release|x64.Build.0 = Release|x64
		{B43AAA8B-5C12-43E6-B9C6-300D26DFCC36}.Release|x86.ActiveCfg = Release|Win32
		{B43AAA8B-5C12-43E6-B9C6-300D26DFCC36}.Release|x86.Build.0 = Release|Win32
	EndGlobalSection
	GlobalSection(SolutionProperties) = preSolution
		HideSolutionNode = FALSE
	EndGlobalSection
	GlobalSection(ExtensibilityGlobals) = postSolution
		SolutionGuid = {7BC54869-6076-43A1-8D78-B1DE02FDFD49}
	EndGlobalSection
EndGlobal
